
Microsoft Visual Studio Solution File, Format Version 12.00
# Visual Studio Version 16
VisualStudioVersion = 16.0.30225.117
MinimumVisualStudioVersion = 10.0.40219.1
Project("{FAE04EC0-301F-11D3-BF4B-00C04F79EFBC}") = "Patron Repository", "Patron Repository\Patron Repository.csproj", "{1F2A59E7-99EA-4146-873A-D099E845A279}"
EndProject
Project("{FAE04EC0-301F-11D3-BF4B-00C04F79EFBC}") = "DAL", "DAL\DAL.csproj", "{DFF6377F-413A-4BAB-9A76-8B470A4644AD}"
EndProject
Project("{FAE04EC0-301F-11D3-BF4B-00C04F79EFBC}") = "DOM", "DOM\DOM.csproj", "{FAFF3EB8-C8EF-4156-BF8A-2F0F75A4BD34}"
EndProject
Project("{FAE04EC0-301F-11D3-BF4B-00C04F79EFBC}") = "BLL", "BLL\BLL.csproj", "{50EAC475-2961-415B-8998-811F3533D3F2}"
EndProject
Project("{FAE04EC0-301F-11D3-BF4B-00C04F79EFBC}") = "SL", "SL\SL.csproj", "{FB6C1636-6FBA-4D4A-A850-D8B3D8593539}"
EndProject
Global
	GlobalSection(SolutionConfigurationPlatforms) = preSolution
		Debug|Any CPU = Debug|Any CPU
		Release|Any CPU = Release|Any CPU
	EndGlobalSection
	GlobalSection(ProjectConfigurationPlatforms) = postSolution
		{1F2A59E7-99EA-4146-873A-D099E845A279}.Debug|Any CPU.ActiveCfg = Debug|Any CPU
		{1F2A59E7-99EA-4146-873A-D099E845A279}.Debug|Any CPU.Build.0 = Debug|Any CPU
		{1F2A59E7-99EA-4146-873A-D099E845A279}.Release|Any CPU.ActiveCfg = Release|Any CPU
		{1F2A59E7-99EA-4146-873A-D099E845A279}.Release|Any CPU.Build.0 = Release|Any CPU
		{DFF6377F-413A-4BAB-9A76-8B470A4644AD}.Debug|Any CPU.ActiveCfg = Debug|Any CPU
		{DFF6377F-413A-4BAB-9A76-8B470A4644AD}.Debug|Any CPU.Build.0 = Debug|Any CPU
		{DFF6377F-413A-4BAB-9A76-8B470A4644AD}.Release|Any CPU.ActiveCfg = Release|Any CPU
		{DFF6377F-413A-4BAB-9A76-8B470A4644AD}.Release|Any CPU.Build.0 = Release|Any CPU
		{FAFF3EB8-C8EF-4156-BF8A-2F0F75A4BD34}.Debug|Any CPU.ActiveCfg = Debug|Any CPU
		{FAFF3EB8-C8EF-4156-BF8A-2F0F75A4BD34}.Debug|Any CPU.Build.0 = Debug|Any CPU
		{FAFF3EB8-C8EF-4156-BF8A-2F0F75A4BD34}.Release|Any CPU.ActiveCfg = Release|Any CPU
		{FAFF3EB8-C8EF-4156-BF8A-2F0F75A4BD34}.Release|Any CPU.Build.0 = Release|Any CPU
		{50EAC475-2961-415B-8998-811F3533D3F2}.Debug|Any CPU.ActiveCfg = Debug|Any CPU
		{50EAC475-2961-415B-8998-811F3533D3F2}.Debug|Any CPU.Build.0 = Debug|Any CPU
		{50EAC475-2961-415B-8998-811F3533D3F2}.Release|Any CPU.ActiveCfg = Release|Any CPU
		{50EAC475-2961-415B-8998-811F3533D3F2}.Release|Any CPU.Build.0 = Release|Any CPU
		{FB6C1636-6FBA-4D4A-A850-D8B3D8593539}.Debug|Any CPU.ActiveCfg = Debug|Any CPU
		{FB6C1636-6FBA-4D4A-A850-D8B3D8593539}.Debug|Any CPU.Build.0 = Debug|Any CPU
		{FB6C1636-6FBA-4D4A-A850-D8B3D8593539}.Release|Any CPU.ActiveCfg = Release|Any CPU
		{FB6C1636-6FBA-4D4A-A850-D8B3D8593539}.Release|Any CPU.Build.0 = Release|Any CPU
	EndGlobalSection
	GlobalSection(SolutionProperties) = preSolution
		HideSolutionNode = FALSE
	EndGlobalSection
	GlobalSection(ExtensibilityGlobals) = postSolution
		SolutionGuid = {2F64492C-8A45-4CB2-99B8-9E5F3DA3D08F}
	EndGlobalSection
EndGlobal
